
Microsoft Visual Studio Solution File, Format Version 12.00
# Visual Studio Version 16
VisualStudioVersion = 16.0.30011.22
MinimumVisualStudioVersion = 10.0.40219.1
Project("{FAE04EC0-301F-11D3-BF4B-00C04F79EFBC}") = "bibliotheque_de_classe", "bibliotheque_de_classe.csproj", "{30D29E0D-EE52-4205-97F8-DF57D544AB50}"
EndProject
Global
	GlobalSection(SolutionConfigurationPlatforms) = preSolution
		Debug|Any CPU = Debug|Any CPU
		Release|Any CPU = Release|Any CPU
	EndGlobalSection
	GlobalSection(ProjectConfigurationPlatforms) = postSolution
		{30D29E0D-EE52-4205-97F8-DF57D544AB50}.Debug|Any CPU.ActiveCfg = Debug|Any CPU
		{30D29E0D-EE52-4205-97F8-DF57D544AB50}.Debug|Any CPU.Build.0 = Debug|Any CPU
		{30D29E0D-EE52-4205-97F8-DF57D544AB50}.Release|Any CPU.ActiveCfg = Release|Any CPU
		{30D29E0D-EE52-4205-97F8-DF57D544AB50}.Release|Any CPU.Build.0 = Release|Any CPU
	EndGlobalSection
	GlobalSection(SolutionProperties) = preSolution
		HideSolutionNode = FALSE
	EndGlobalSection
	GlobalSection(ExtensibilityGlobals) = postSolution
		SolutionGuid = {96A3AA76-BAE7-411B-B067-87B3DCCF883E}
	EndGlobalSection
EndGlobal
